{
  "requires": true,
  "lockfileVersion": 1,
  "dependencies": {
    "san": {
      "version": "3.6.1",
      "resolved": "https://registry.npmjs.org/san/-/san-3.6.1.tgz",
      "integrity": "sha512-fSRibq8HXMpom2aGaqr4akSWk0GnYTIQM22u12oF5nvi6OcwjanChoDYR/v9aWw9VICJR/5R5kqe48YmnNP9+A=="
    }
  }
}
